
Microsoft Visual Studio Solution File, Format Version 12.00
# Visual Studio 15
VisualStudioVersion = 15.0.28307.136
MinimumVisualStudioVersion = 10.0.40219.1
Project("{FAE04EC0-301F-11D3-BF4B-00C04F79EFBC}") = "Server", "Server\Server.csproj", "{E2612B73-FF68-46CB-86D5-13FF52C96AD8}"
EndProject
Project("{FAE04EC0-301F-11D3-BF4B-00C04F79EFBC}") = "PEProtocol", "PEProtocol\PEProtocol.csproj", "{6894B1FE-C073-49A8-BA17-260DC23213AA}"
EndProject
Global
	GlobalSection(SolutionConfigurationPlatforms) = preSolution
		Debug|Any CPU = Debug|Any CPU
		Release|Any CPU = Release|Any CPU
	EndGlobalSection
	GlobalSection(ProjectConfigurationPlatforms) = postSolution
		{E2612B73-FF68-46CB-86D5-13FF52C96AD8}.Debug|Any CPU.ActiveCfg = Debug|Any CPU
		{E2612B73-FF68-46CB-86D5-13FF52C96AD8}.Debug|Any CPU.Build.0 = Debug|Any CPU
		{E2612B73-FF68-46CB-86D5-13FF52C96AD8}.Release|Any CPU.ActiveCfg = Release|Any CPU
		{E2612B73-FF68-46CB-86D5-13FF52C96AD8}.Release|Any CPU.Build.0 = Release|Any CPU
		{6894B1FE-C073-49A8-BA17-260DC23213AA}.Debug|Any CPU.ActiveCfg = Debug|Any CPU
		{6894B1FE-C073-49A8-BA17-260DC23213AA}.Debug|Any CPU.Build.0 = Debug|Any CPU
		{6894B1FE-C073-49A8-BA17-260DC23213AA}.Release|Any CPU.ActiveCfg = Release|Any CPU
		{6894B1FE-C073-49A8-BA17-260DC23213AA}.Release|Any CPU.Build.0 = Release|Any CPU
	EndGlobalSection
	GlobalSection(SolutionProperties) = preSolution
		HideSolutionNode = FALSE
	EndGlobalSection
	GlobalSection(ExtensibilityGlobals) = postSolution
		SolutionGuid = {2D70DCFB-73DD-4717-997E-51750F31D89B}
	EndGlobalSection
EndGlobal
